
Microsoft Visual Studio Solution File, Format Version 12.00
# Visual Studio Version 17
VisualStudioVersion = 17.12.35506.116 d17.12
MinimumVisualStudioVersion = 10.0.40219.1
Project("{FAE04EC0-301F-11D3-BF4B-00C04F79EFBC}") = "WebUsuarios", "WebUsuarios.csproj", "{10554FB5-D359-4D39-9F28-7E5AEBB42596}"
EndProject
Project("{FAE04EC0-301F-11D3-BF4B-00C04F79EFBC}") = "Negocios", "Negocios\Negocios.csproj", "{8934477E-B991-4A12-B2AA-0668BAB128FF}"
EndProject
Project("{FAE04EC0-301F-11D3-BF4B-00C04F79EFBC}") = "Datos", "Datos\Datos.csproj", "{CD731B6A-5046-42A8-A3C2-6302663DC1F0}"
EndProject
Global
	GlobalSection(SolutionConfigurationPlatforms) = preSolution
		Debug|Any CPU = Debug|Any CPU
		Release|Any CPU = Release|Any CPU
	EndGlobalSection
	GlobalSection(ProjectConfigurationPlatforms) = postSolution
		{10554FB5-D359-4D39-9F28-7E5AEBB42596}.Debug|Any CPU.ActiveCfg = Debug|Any CPU
		{10554FB5-D359-4D39-9F28-7E5AEBB42596}.Debug|Any CPU.Build.0 = Debug|Any CPU
		{10554FB5-D359-4D39-9F28-7E5AEBB42596}.Release|Any CPU.ActiveCfg = Release|Any CPU
		{10554FB5-D359-4D39-9F28-7E5AEBB42596}.Release|Any CPU.Build.0 = Release|Any CPU
		{8934477E-B991-4A12-B2AA-0668BAB128FF}.Debug|Any CPU.ActiveCfg = Debug|Any CPU
		{8934477E-B991-4A12-B2AA-0668BAB128FF}.Debug|Any CPU.Build.0 = Debug|Any CPU
		{8934477E-B991-4A12-B2AA-0668BAB128FF}.Release|Any CPU.ActiveCfg = Release|Any CPU
		{8934477E-B991-4A12-B2AA-0668BAB128FF}.Release|Any CPU.Build.0 = Release|Any CPU
		{CD731B6A-5046-42A8-A3C2-6302663DC1F0}.Debug|Any CPU.ActiveCfg = Debug|Any CPU
		{CD731B6A-5046-42A8-A3C2-6302663DC1F0}.Debug|Any CPU.Build.0 = Debug|Any CPU
		{CD731B6A-5046-42A8-A3C2-6302663DC1F0}.Release|Any CPU.ActiveCfg = Release|Any CPU
		{CD731B6A-5046-42A8-A3C2-6302663DC1F0}.Release|Any CPU.Build.0 = Release|Any CPU
	EndGlobalSection
	GlobalSection(SolutionProperties) = preSolution
		HideSolutionNode = FALSE
	EndGlobalSection
EndGlobal
